
Microsoft Visual Studio Solution File, Format Version 12.00
# Visual Studio Version 17
VisualStudioVersion = 17.11.35327.3
MinimumVisualStudioVersion = 10.0.40219.1
Project("{8BC9CEB8-8B4A-11D0-8D11-00A0C91BC942}") = "Project1", "Project1\Project1.vcxproj", "{0D034B82-8C42-4C99-8562-69423911D8B3}"
EndProject
Global
	GlobalSection(SolutionConfigurationPlatforms) = preSolution
		Debug|x64 = Debug|x64
		Debug|x86 = Debug|x86
		Release|x64 = Release|x64
		Release|x86 = Release|x86
	EndGlobalSection
	GlobalSection(ProjectConfigurationPlatforms) = postSolution
		{0D034B82-8C42-4C99-8562-69423911D8B3}.Debug|x64.ActiveCfg = Debug|x64
		{0D034B82-8C42-4C99-8562-69423911D8B3}.Debug|x64.Build.0 = Debug|x64
		{0D034B82-8C42-4C99-8562-69423911D8B3}.Debug|x86.ActiveCfg = Debug|Win32
		{0D034B82-8C42-4C99-8562-69423911D8B3}.Debug|x86.Build.0 = Debug|Win32
		{0D034B82-8C42-4C99-8562-69423911D8B3}.Release|x64.ActiveCfg = Release|x64
		{0D034B82-8C42-4C99-8562-69423911D8B3}.Release|x64.Build.0 = Release|x64
		{0D034B82-8C42-4C99-8562-69423911D8B3}.Release|x86.ActiveCfg = Release|Win32
		{0D034B82-8C42-4C99-8562-69423911D8B3}.Release|x86.Build.0 = Release|Win32
	EndGlobalSection
	GlobalSection(SolutionProperties) = preSolution
		HideSolutionNode = FALSE
	EndGlobalSection
	GlobalSection(ExtensibilityGlobals) = postSolution
		SolutionGuid = {3705A31A-3507-4C8F-A8EC-8353EFC69A41}
	EndGlobalSection
EndGlobal
